
Microsoft Visual Studio Solution File, Format Version 12.00
# Visual Studio Version 17
VisualStudioVersion = 17.9.34723.18
MinimumVisualStudioVersion = 10.0.40219.1
Project("{FAE04EC0-301F-11D3-BF4B-00C04F79EFBC}") = "Food-UI", "Food-UI\Food-UI.csproj", "{B10A1A87-B021-4D3E-B814-0531CF175E55}"
EndProject
Global
	GlobalSection(SolutionConfigurationPlatforms) = preSolution
		Debug|Any CPU = Debug|Any CPU
		Release|Any CPU = Release|Any CPU
	EndGlobalSection
	GlobalSection(ProjectConfigurationPlatforms) = postSolution
		{B10A1A87-B021-4D3E-B814-0531CF175E55}.Debug|Any CPU.ActiveCfg = Debug|Any CPU
		{B10A1A87-B021-4D3E-B814-0531CF175E55}.Debug|Any CPU.Build.0 = Debug|Any CPU
		{B10A1A87-B021-4D3E-B814-0531CF175E55}.Debug|Any CPU.Deploy.0 = Debug|Any CPU
		{B10A1A87-B021-4D3E-B814-0531CF175E55}.Release|Any CPU.ActiveCfg = Release|Any CPU
		{B10A1A87-B021-4D3E-B814-0531CF175E55}.Release|Any CPU.Build.0 = Release|Any CPU
		{B10A1A87-B021-4D3E-B814-0531CF175E55}.Release|Any CPU.Deploy.0 = Release|Any CPU
	EndGlobalSection
	GlobalSection(SolutionProperties) = preSolution
		HideSolutionNode = FALSE
	EndGlobalSection
	GlobalSection(ExtensibilityGlobals) = postSolution
		SolutionGuid = {B2F1B70E-D2A7-4A9E-997F-C216B0747EF8}
	EndGlobalSection
EndGlobal
